
Microsoft Visual Studio Solution File, Format Version 12.00
# Visual Studio 15
VisualStudioVersion = 15.0.26430.6
MinimumVisualStudioVersion = 10.0.40219.1
Project("{FAE04EC0-301F-11D3-BF4B-00C04F79EFBC}") = "SynWebCRM.Web", "SynWebCRM.Web\SynWebCRM.Web.csproj", "{6396024E-6854-451E-A4AE-26DA941CF8A7}"
EndProject
Project("{FAE04EC0-301F-11D3-BF4B-00C04F79EFBC}") = "SynWebCRM.DataMigrator", "SynWebCRM.DataMigrator\SynWebCRM.DataMigrator.csproj", "{017BFC7C-BA08-45CE-9E22-B79C4E0967A0}"
EndProject
Project("{FAE04EC0-301F-11D3-BF4B-00C04F79EFBC}") = "SynWebCRM.Tests", "SynWebCRM.Tests\SynWebCRM.Tests.csproj", "{ADBD2F65-DF4E-43B1-B0AD-E49B4A08BEE1}"
EndProject
Project("{FAE04EC0-301F-11D3-BF4B-00C04F79EFBC}") = "SynWebCRM.Web.Tests", "SynWebCRM.Web.Tests\SynWebCRM.Web.Tests.csproj", "{BEF88D01-FEAC-46D2-BEEB-9D7247C5D17E}"
EndProject
Project("{FAE04EC0-301F-11D3-BF4B-00C04F79EFBC}") = "SynWebCRM.Contract", "SynWebCRM.Contract\SynWebCRM.Contract.csproj", "{B15E9CFB-E70F-41DD-89F6-5A800D1FEC82}"
EndProject
Global
	GlobalSection(SolutionConfigurationPlatforms) = preSolution
		Debug|Any CPU = Debug|Any CPU
		Release|Any CPU = Release|Any CPU
	EndGlobalSection
	GlobalSection(ProjectConfigurationPlatforms) = postSolution
		{6396024E-6854-451E-A4AE-26DA941CF8A7}.Debug|Any CPU.ActiveCfg = Debug|Any CPU
		{6396024E-6854-451E-A4AE-26DA941CF8A7}.Debug|Any CPU.Build.0 = Debug|Any CPU
		{6396024E-6854-451E-A4AE-26DA941CF8A7}.Release|Any CPU.ActiveCfg = Release|Any CPU
		{6396024E-6854-451E-A4AE-26DA941CF8A7}.Release|Any CPU.Build.0 = Release|Any CPU
		{017BFC7C-BA08-45CE-9E22-B79C4E0967A0}.Debug|Any CPU.ActiveCfg = Debug|Any CPU
		{017BFC7C-BA08-45CE-9E22-B79C4E0967A0}.Debug|Any CPU.Build.0 = Debug|Any CPU
		{017BFC7C-BA08-45CE-9E22-B79C4E0967A0}.Release|Any CPU.ActiveCfg = Release|Any CPU
		{017BFC7C-BA08-45CE-9E22-B79C4E0967A0}.Release|Any CPU.Build.0 = Release|Any CPU
		{ADBD2F65-DF4E-43B1-B0AD-E49B4A08BEE1}.Debug|Any CPU.ActiveCfg = Debug|Any CPU
		{ADBD2F65-DF4E-43B1-B0AD-E49B4A08BEE1}.Debug|Any CPU.Build.0 = Debug|Any CPU
		{ADBD2F65-DF4E-43B1-B0AD-E49B4A08BEE1}.Release|Any CPU.ActiveCfg = Release|Any CPU
		{ADBD2F65-DF4E-43B1-B0AD-E49B4A08BEE1}.Release|Any CPU.Build.0 = Release|Any CPU
		{BEF88D01-FEAC-46D2-BEEB-9D7247C5D17E}.Debug|Any CPU.ActiveCfg = Debug|Any CPU
		{BEF88D01-FEAC-46D2-BEEB-9D7247C5D17E}.Debug|Any CPU.Build.0 = Debug|Any CPU
		{BEF88D01-FEAC-46D2-BEEB-9D7247C5D17E}.Release|Any CPU.ActiveCfg = Release|Any CPU
		{BEF88D01-FEAC-46D2-BEEB-9D7247C5D17E}.Release|Any CPU.Build.0 = Release|Any CPU
		{B15E9CFB-E70F-41DD-89F6-5A800D1FEC82}.Debug|Any CPU.ActiveCfg = Debug|Any CPU
		{B15E9CFB-E70F-41DD-89F6-5A800D1FEC82}.Debug|Any CPU.Build.0 = Debug|Any CPU
		{B15E9CFB-E70F-41DD-89F6-5A800D1FEC82}.Release|Any CPU.ActiveCfg = Release|Any CPU
		{B15E9CFB-E70F-41DD-89F6-5A800D1FEC82}.Release|Any CPU.Build.0 = Release|Any CPU
	EndGlobalSection
	GlobalSection(SolutionProperties) = preSolution
		HideSolutionNode = FALSE
	EndGlobalSection
EndGlobal
