
Microsoft Visual Studio Solution File, Format Version 12.00
# Visual Studio 14
VisualStudioVersion = 14.0.24720.0
MinimumVisualStudioVersion = 10.0.40219.1
Project("{FAE04EC0-301F-11D3-BF4B-00C04F79EFBC}") = "SynWebCRM", "SynWebCRM\SynWebCRM.csproj", "{1EDDB3C4-84C8-4630-B40D-FC407DC46A68}"
EndProject
Project("{00D1A9C2-B5F0-4AF3-8072-F6C62B433612}") = "SynWebCRM.Database", "SynWebCRM.Database\SynWebCRM.Database.sqlproj", "{79C79C04-D48D-4078-9FA1-A707E3D7CCA8}"
EndProject
Project("{FAE04EC0-301F-11D3-BF4B-00C04F79EFBC}") = "SynWebCRM.Data", "SynWebCRM.Data\SynWebCRM.Data.csproj", "{F59B71E7-FCE9-47C9-AC09-10B06465B1E4}"
EndProject
Global
	GlobalSection(SolutionConfigurationPlatforms) = preSolution
		Debug|Any CPU = Debug|Any CPU
		Release|Any CPU = Release|Any CPU
	EndGlobalSection
	GlobalSection(ProjectConfigurationPlatforms) = postSolution
		{1EDDB3C4-84C8-4630-B40D-FC407DC46A68}.Debug|Any CPU.ActiveCfg = Debug|Any CPU
		{1EDDB3C4-84C8-4630-B40D-FC407DC46A68}.Debug|Any CPU.Build.0 = Debug|Any CPU
		{1EDDB3C4-84C8-4630-B40D-FC407DC46A68}.Release|Any CPU.ActiveCfg = Release|Any CPU
		{1EDDB3C4-84C8-4630-B40D-FC407DC46A68}.Release|Any CPU.Build.0 = Release|Any CPU
		{79C79C04-D48D-4078-9FA1-A707E3D7CCA8}.Debug|Any CPU.ActiveCfg = Debug|Any CPU
		{79C79C04-D48D-4078-9FA1-A707E3D7CCA8}.Debug|Any CPU.Build.0 = Debug|Any CPU
		{79C79C04-D48D-4078-9FA1-A707E3D7CCA8}.Debug|Any CPU.Deploy.0 = Debug|Any CPU
		{79C79C04-D48D-4078-9FA1-A707E3D7CCA8}.Release|Any CPU.ActiveCfg = Release|Any CPU
		{79C79C04-D48D-4078-9FA1-A707E3D7CCA8}.Release|Any CPU.Build.0 = Release|Any CPU
		{79C79C04-D48D-4078-9FA1-A707E3D7CCA8}.Release|Any CPU.Deploy.0 = Release|Any CPU
		{F59B71E7-FCE9-47C9-AC09-10B06465B1E4}.Debug|Any CPU.ActiveCfg = Debug|Any CPU
		{F59B71E7-FCE9-47C9-AC09-10B06465B1E4}.Debug|Any CPU.Build.0 = Debug|Any CPU
		{F59B71E7-FCE9-47C9-AC09-10B06465B1E4}.Release|Any CPU.ActiveCfg = Release|Any CPU
		{F59B71E7-FCE9-47C9-AC09-10B06465B1E4}.Release|Any CPU.Build.0 = Release|Any CPU
	EndGlobalSection
	GlobalSection(SolutionProperties) = preSolution
		HideSolutionNode = FALSE
	EndGlobalSection
EndGlobal
